speakeasyVersion: 1.761.1
sources:
    Spaire-OAS:
        sourceNamespace: spaire-oas
        sourceRevisionDigest: sha256:64bf2c3be273697342ab3604377a128b564260ee33a3c134805b89044e74d280
        sourceBlobDigest: sha256:9361567aa95210027251eb4c893b0e793bd5076765634cd7b10a4bc3942b0f6e
        tags:
            - latest
            - 0.1.0
targets:
    spaire:
        source: Spaire-OAS
        sourceNamespace: spaire-oas
        sourceRevisionDigest: sha256:64bf2c3be273697342ab3604377a128b564260ee33a3c134805b89044e74d280
        sourceBlobDigest: sha256:9361567aa95210027251eb4c893b0e793bd5076765634cd7b10a4bc3942b0f6e
        codeSamplesNamespace: spaire-oas-php-code-samples
        codeSamplesRevisionDigest: sha256:ba88a95be732edff2c031611d3b4f317f2fd1cc42c8eb6839f483147d7d36290
workflow:
    workflowVersion: 1.0.0
    speakeasyVersion: latest
    sources:
        Spaire-OAS:
            inputs:
                - location: https://api.spairehq.com/openapi.json
            overlays:
                - location: https://raw.githubusercontent.com/Spaire-Tech/polar/main/sdk/overlays/security.yml
                - location: https://raw.githubusercontent.com/Spaire-Tech/polar/main/sdk/overlays/type_parameter.yml
                - location: https://raw.githubusercontent.com/Spaire-Tech/polar/main/sdk/overlays/read_only.yml
                - location: https://raw.githubusercontent.com/Spaire-Tech/polar/main/sdk/overlays/event_discriminator.yml
                - location: https://raw.githubusercontent.com/Spaire-Tech/polar/main/sdk/overlays/timezone_enum.yml
                - location: https://raw.githubusercontent.com/Spaire-Tech/polar/main/sdk/overlays/event_metadata.yml
                - location: https://raw.githubusercontent.com/Spaire-Tech/polar/main/sdk/overlays/rebrand.yml
            registry:
                location: registry.speakeasyapi.dev/spaire/spaire-workspace/spaire-oas
    targets:
        spaire:
            target: php
            source: Spaire-OAS
            publish:
                packagist:
                    username: spaire
                    token: $packagist_token
            codeSamples:
                output: codeSamples.yaml
                registry:
                    location: registry.speakeasyapi.dev/spaire/spaire-workspace/spaire-oas-php-code-samples
                labelOverride:
                    fixedValue: PHP (SDK)
